
Microsoft Visual Studio Solution File, Format Version 12.00
# Visual Studio Version 17
VisualStudioVersion = 17.8.34316.72
MinimumVisualStudioVersion = 10.0.40219.1
Project("{9A19103F-16F7-4668-BE54-9A1E7A4F7556}") = "E-Commerce", "E-Commerce\E-Commerce.csproj", "{F022185A-90E5-41A0-ADAB-879C61AB87AB}"
EndProject
Project("{9A19103F-16F7-4668-BE54-9A1E7A4F7556}") = "E-Commerce.Shared", "E-Commerce.Shared\E-Commerce.Shared.csproj", "{3BCC81DB-806F-43B0-A3FA-28C2C8412EDF}"
EndProject
Project("{9A19103F-16F7-4668-BE54-9A1E7A4F7556}") = "E-Commerce.Infrastructure", "E-Commerce.Infrastructure\E-Commerce.Infrastructure.csproj", "{1DCFFA69-A92D-4C92-B493-D3ED21ABD3F2}"
EndProject
Project("{FAE04EC0-301F-11D3-BF4B-00C04F79EFBC}") = "E-Commerce.Business", "E-Commerce.Business\E-Commerce.Business.csproj", "{50A6312D-633C-4B09-88A9-89815CBAF0D3}"
EndProject
Global
	GlobalSection(SolutionConfigurationPlatforms) = preSolution
		Debug|Any CPU = Debug|Any CPU
		Release|Any CPU = Release|Any CPU
	EndGlobalSection
	GlobalSection(ProjectConfigurationPlatforms) = postSolution
		{F022185A-90E5-41A0-ADAB-879C61AB87AB}.Debug|Any CPU.ActiveCfg = Debug|Any CPU
		{F022185A-90E5-41A0-ADAB-879C61AB87AB}.Debug|Any CPU.Build.0 = Debug|Any CPU
		{F022185A-90E5-41A0-ADAB-879C61AB87AB}.Release|Any CPU.ActiveCfg = Release|Any CPU
		{F022185A-90E5-41A0-ADAB-879C61AB87AB}.Release|Any CPU.Build.0 = Release|Any CPU
		{3BCC81DB-806F-43B0-A3FA-28C2C8412EDF}.Debug|Any CPU.ActiveCfg = Debug|Any CPU
		{3BCC81DB-806F-43B0-A3FA-28C2C8412EDF}.Debug|Any CPU.Build.0 = Debug|Any CPU
		{3BCC81DB-806F-43B0-A3FA-28C2C8412EDF}.Release|Any CPU.ActiveCfg = Release|Any CPU
		{3BCC81DB-806F-43B0-A3FA-28C2C8412EDF}.Release|Any CPU.Build.0 = Release|Any CPU
		{1DCFFA69-A92D-4C92-B493-D3ED21ABD3F2}.Debug|Any CPU.ActiveCfg = Debug|Any CPU
		{1DCFFA69-A92D-4C92-B493-D3ED21ABD3F2}.Debug|Any CPU.Build.0 = Debug|Any CPU
		{1DCFFA69-A92D-4C92-B493-D3ED21ABD3F2}.Release|Any CPU.ActiveCfg = Release|Any CPU
		{1DCFFA69-A92D-4C92-B493-D3ED21ABD3F2}.Release|Any CPU.Build.0 = Release|Any CPU
		{50A6312D-633C-4B09-88A9-89815CBAF0D3}.Debug|Any CPU.ActiveCfg = Debug|Any CPU
		{50A6312D-633C-4B09-88A9-89815CBAF0D3}.Debug|Any CPU.Build.0 = Debug|Any CPU
		{50A6312D-633C-4B09-88A9-89815CBAF0D3}.Release|Any CPU.ActiveCfg = Release|Any CPU
		{50A6312D-633C-4B09-88A9-89815CBAF0D3}.Release|Any CPU.Build.0 = Release|Any CPU
	EndGlobalSection
	GlobalSection(SolutionProperties) = preSolution
		HideSolutionNode = FALSE
	EndGlobalSection
	GlobalSection(ExtensibilityGlobals) = postSolution
		SolutionGuid = {BA7752A6-496E-431E-B429-57F967B299F5}
	EndGlobalSection
EndGlobal
